
Microsoft Visual Studio Solution File, Format Version 12.00
# Visual Studio Version 16
VisualStudioVersion = 16.0.31702.278
MinimumVisualStudioVersion = 10.0.40219.1
Project("{FAE04EC0-301F-11D3-BF4B-00C04F79EFBC}") = "G_UNO", "G_UNO\G_UNO.csproj", "{ED79EF9C-3D07-44B2-978D-2EE374EA4B5B}"
EndProject
Global
	GlobalSection(SolutionConfigurationPlatforms) = preSolution
		Debug|Any CPU = Debug|Any CPU
		Release|Any CPU = Release|Any CPU
	EndGlobalSection
	GlobalSection(ProjectConfigurationPlatforms) = postSolution
		{ED79EF9C-3D07-44B2-978D-2EE374EA4B5B}.Debug|Any CPU.ActiveCfg = Debug|Any CPU
		{ED79EF9C-3D07-44B2-978D-2EE374EA4B5B}.Debug|Any CPU.Build.0 = Debug|Any CPU
		{ED79EF9C-3D07-44B2-978D-2EE374EA4B5B}.Release|Any CPU.ActiveCfg = Release|Any CPU
		{ED79EF9C-3D07-44B2-978D-2EE374EA4B5B}.Release|Any CPU.Build.0 = Release|Any CPU
	EndGlobalSection
	GlobalSection(SolutionProperties) = preSolution
		HideSolutionNode = FALSE
	EndGlobalSection
	GlobalSection(ExtensibilityGlobals) = postSolution
		SolutionGuid = {E85BE023-46AB-44CB-9DF7-1CDD3CB2DAF9}
	EndGlobalSection
EndGlobal
